
Microsoft Visual Studio Solution File, Format Version 12.00
# Visual Studio Version 17
VisualStudioVersion = 17.7.34202.233
MinimumVisualStudioVersion = 10.0.40219.1
Project("{FAE04EC0-301F-11D3-BF4B-00C04F79EFBC}") = "Lab_8.2", "Lab_8.2\Lab_8.2.csproj", "{F76368A6-7A25-443B-8190-4F8B2F6C9F81}"
EndProject
Project("{FAE04EC0-301F-11D3-BF4B-00C04F79EFBC}") = "TestProject1", "TestProject1\TestProject1.csproj", "{F6F31D15-92CF-46FA-9691-FF600A83E977}"
EndProject
Global
	GlobalSection(SolutionConfigurationPlatforms) = preSolution
		Debug|Any CPU = Debug|Any CPU
		Release|Any CPU = Release|Any CPU
	EndGlobalSection
	GlobalSection(ProjectConfigurationPlatforms) = postSolution
		{F76368A6-7A25-443B-8190-4F8B2F6C9F81}.Debug|Any CPU.ActiveCfg = Debug|Any CPU
		{F76368A6-7A25-443B-8190-4F8B2F6C9F81}.Debug|Any CPU.Build.0 = Debug|Any CPU
		{F76368A6-7A25-443B-8190-4F8B2F6C9F81}.Release|Any CPU.ActiveCfg = Release|Any CPU
		{F76368A6-7A25-443B-8190-4F8B2F6C9F81}.Release|Any CPU.Build.0 = Release|Any CPU
		{F6F31D15-92CF-46FA-9691-FF600A83E977}.Debug|Any CPU.ActiveCfg = Debug|Any CPU
		{F6F31D15-92CF-46FA-9691-FF600A83E977}.Debug|Any CPU.Build.0 = Debug|Any CPU
		{F6F31D15-92CF-46FA-9691-FF600A83E977}.Release|Any CPU.ActiveCfg = Release|Any CPU
		{F6F31D15-92CF-46FA-9691-FF600A83E977}.Release|Any CPU.Build.0 = Release|Any CPU
	EndGlobalSection
	GlobalSection(SolutionProperties) = preSolution
		HideSolutionNode = FALSE
	EndGlobalSection
	GlobalSection(ExtensibilityGlobals) = postSolution
		SolutionGuid = {D1C13810-ACE0-497E-9248-8B25B6AE8E08}
	EndGlobalSection
EndGlobal
